<?xml version="1.0" encoding="utf-8"?>
<Project ToolsVersion="4.0" xmlns="http://schemas.microsoft.com/developer/msbuild/2003">
  <ItemGroup>
    <ClCompile Include="Render\Camera.cpp">
      <Filter>Render</Filter>
    </ClCompile>
    <ClCompile Include="Render\Render.cpp">
      <Filter>Render</Filter>
    </ClCompile>
    <ClCompile Include="RenderUtils.cpp" />
    <ClCompile Include="main.cpp" />
    <ClCompile Include="Particle.cpp">
      <Filter>RenderItems</Filter>
    </ClCompile>
    <ClCompile Include="GeneradorGaussiano.cpp">
      <Filter>Generadores</Filter>
    </ClCompile>
    <ClCompile Include="GeneradorNormal.cpp">
      <Filter>Generadores</Filter>
    </ClCompile>
    <ClCompile Include="ParticleGenerator.cpp">
      <Filter>Generadores</Filter>
    </ClCompile>
    <ClCompile Include="ParticleSystem.cpp" />
    <ClCompile Include="Firework.cpp" />
    <ClCompile Include="callbacks.cpp">
      <Filter>RenderItems</Filter>
    </ClCompile>
    <ClCompile Include="FloatingGenerator.cpp">
      <Filter>ForceGenerator</Filter>
    </ClCompile>
    <ClCompile Include="ForceGenerator.cpp">
      <Filter>ForceGenerator</Filter>
    </ClCompile>
    <ClCompile Include="GravityGenerator.cpp">
      <Filter>ForceGenerator</Filter>
    </ClCompile>
    <ClCompile Include="springLockGenerator.cpp">
      <Filter>ForceGenerator</Filter>
    </ClCompile>
    <ClCompile Include="TornadoGenerator.cpp">
      <Filter>ForceGenerator</Filter>
    </ClCompile>
    <ClCompile Include="WindGenerator.cpp">
      <Filter>ForceGenerator</Filter>
    </ClCompile>
    <ClCompile Include="ExplosionGenerator.cpp">
      <Filter>ForceGenerator</Filter>
    </ClCompile>
    <ClCompile Include="RigidBody.cpp">
      <Filter>RenderItems</Filter>
    </ClCompile>
    <ClCompile Include="RigidGenerator.cpp">
      <Filter>Generadores</Filter>
    </ClCompile>
    <ClCompile Include="RigidSystem.cpp" />
    <ClCompile Include="ExplosionRigid.cpp">
      <Filter>ForceRigids</Filter>
    </ClCompile>
    <ClCompile Include="RigidForceGenerator.cpp">
      <Filter>ForceRigids</Filter>
    </ClCompile>
    <ClCompile Include="GaussianoRigido.cpp">
      <Filter>RigidGenerator</Filter>
    </ClCompile>
    <ClCompile Include="WindRigid.cpp">
      <Filter>ForceRigids</Filter>
    </ClCompile>
    <ClCompile Include="Car.cpp" />
    <ClCompile Include="gameObject.cpp" />
    <ClCompile Include="PowerUps.cpp">
      <Filter>PowerUps</Filter>
    </ClCompile>
    <ClCompile Include="floatRigid.cpp">
      <Filter>ForceRigids</Filter>
    </ClCompile>
  </ItemGroup>
  <ItemGroup>
    <ClInclude Include="core.hpp" />
    <ClInclude Include="Render\Camera.h">
      <Filter>Render</Filter>
    </ClInclude>
    <ClInclude Include="Render\Render.h">
      <Filter>Render</Filter>
    </ClInclude>
    <ClInclude Include="RenderUtils.hpp" />
    <ClInclude Include="callbacks.hpp" />
    <ClInclude Include="Particle.h">
      <Filter>RenderItems</Filter>
    </ClInclude>
    <ClInclude Include="GeneradorGaussiano.h">
      <Filter>Generadores</Filter>
    </ClInclude>
    <ClInclude Include="GeneradorNormal.h">
      <Filter>Generadores</Filter>
    </ClInclude>
    <ClInclude Include="ParticleGenerator.h">
      <Filter>Generadores</Filter>
    </ClInclude>
    <ClInclude Include="ParticleSystem.h" />
    <ClInclude Include="Firework.h" />
    <ClInclude Include="ParticleForceRegistry.h" />
    <ClInclude Include="FloatingGenerator.h">
      <Filter>ForceGenerator</Filter>
    </ClInclude>
    <ClInclude Include="ForceGenerator.h">
      <Filter>ForceGenerator</Filter>
    </ClInclude>
    <ClInclude Include="GravityGenerator.h">
      <Filter>ForceGenerator</Filter>
    </ClInclude>
    <ClInclude Include="springLockGenerator.h">
      <Filter>ForceGenerator</Filter>
    </ClInclude>
    <ClInclude Include="TornadoGenerator.h">
      <Filter>ForceGenerator</Filter>
    </ClInclude>
    <ClInclude Include="WindGenerator.h">
      <Filter>ForceGenerator</Filter>
    </ClInclude>
    <ClInclude Include="ExplosionGenerator.h">
      <Filter>ForceGenerator</Filter>
    </ClInclude>
    <ClInclude Include="RigidBody.h">
      <Filter>RenderItems</Filter>
    </ClInclude>
    <ClInclude Include="RigidGenerator.h">
      <Filter>Generadores</Filter>
    </ClInclude>
    <ClInclude Include="RigidSystem.h" />
    <ClInclude Include="RigidsRegistry.h" />
    <ClInclude Include="ExplosionRigid.h">
      <Filter>ForceRigids</Filter>
    </ClInclude>
    <ClInclude Include="RigidForceGenerator.h">
      <Filter>ForceRigids</Filter>
    </ClInclude>
    <ClInclude Include="GaussianoRigido.h">
      <Filter>RigidGenerator</Filter>
    </ClInclude>
    <ClInclude Include="WindRigid.h">
      <Filter>ForceRigids</Filter>
    </ClInclude>
    <ClInclude Include="Car.h" />
    <ClInclude Include="gameObject.h" />
    <ClInclude Include="PowerUps.h">
      <Filter>PowerUps</Filter>
    </ClInclude>
    <ClInclude Include="Bomb.h">
      <Filter>PowerUps</Filter>
    </ClInclude>
    <ClInclude Include="WindPowerUp.h">
      <Filter>PowerUps</Filter>
    </ClInclude>
    <ClInclude Include="floatRigid.h">
      <Filter>ForceRigids</Filter>
    </ClInclude>
  </ItemGroup>
  <ItemGroup>
    <Filter Include="Render">
      <UniqueIdentifier>{d04b4f9f-5a69-465e-8070-25c6d0bcd3c2}</UniqueIdentifier>
    </Filter>
    <Filter Include="RenderItems">
      <UniqueIdentifier>{5baacf5e-69a7-4b36-89ea-998575db9a3d}</UniqueIdentifier>
    </Filter>
    <Filter Include="Generadores">
      <UniqueIdentifier>{7531574f-aba1-4e3a-8716-99e9da9ca4f7}</UniqueIdentifier>
    </Filter>
    <Filter Include="ForceGenerator">
      <UniqueIdentifier>{3ae67c09-d7ce-4b22-935f-3ad8629fe2ce}</UniqueIdentifier>
    </Filter>
    <Filter Include="RigidGenerator">
      <UniqueIdentifier>{83002e33-3b49-4e4b-ae9c-81fbf535d011}</UniqueIdentifier>
    </Filter>
    <Filter Include="ForceRigids">
      <UniqueIdentifier>{e9dd64c8-4019-4eb3-8af3-1b4c599620e8}</UniqueIdentifier>
    </Filter>
    <Filter Include="PowerUps">
      <UniqueIdentifier>{29735408-789d-4fa7-a1ce-2058cedf859e}</UniqueIdentifier>
    </Filter>
  </ItemGroup>
  <ItemGroup>
    <None Include="ClassDiagram.cd" />
  </ItemGroup>
</Project>