<?xml version="1.0" encoding="utf-8"?>
<Project ToolsVersion="4.0" xmlns="http://schemas.microsoft.com/developer/msbuild/2003">
  <ItemGroup>
    <ClCompile Include="Render\Camera.cpp">
      <Filter>Render</Filter>
    </ClCompile>
    <ClCompile Include="Render\Render.cpp">
      <Filter>Render</Filter>
    </ClCompile>
    <ClCompile Include="RenderUtils.cpp" />
    <ClCompile Include="main.cpp" />
    <ClCompile Include="Particle.cpp">
      <Filter>RenderItems</Filter>
    </ClCompile>
    <ClCompile Include="GeneradorGaussiano.cpp">
      <Filter>Generadores</Filter>
    </ClCompile>
    <ClCompile Include="GeneradorNormal.cpp">
      <Filter>Generadores</Filter>
    </ClCompile>
    <ClCompile Include="ParticleGenerator.cpp">
      <Filter>Generadores</Filter>
    </ClCompile>
    <ClCompile Include="ParticleSystem.cpp" />
    <ClCompile Include="Firework.cpp" />
    <ClCompile Include="callbacks.cpp">
      <Filter>RenderItems</Filter>
    </ClCompile>
    <ClCompile Include="ForceGenerator.cpp" />
    <ClCompile Include="GravityGenerator.cpp" />
    <ClCompile Include="WindGenerator.cpp" />
  </ItemGroup>
  <ItemGroup>
    <ClInclude Include="core.hpp" />
    <ClInclude Include="Render\Camera.h">
      <Filter>Render</Filter>
    </ClInclude>
    <ClInclude Include="Render\Render.h">
      <Filter>Render</Filter>
    </ClInclude>
    <ClInclude Include="RenderUtils.hpp" />
    <ClInclude Include="callbacks.hpp" />
    <ClInclude Include="Particle.h">
      <Filter>RenderItems</Filter>
    </ClInclude>
    <ClInclude Include="GeneradorGaussiano.h">
      <Filter>Generadores</Filter>
    </ClInclude>
    <ClInclude Include="GeneradorNormal.h">
      <Filter>Generadores</Filter>
    </ClInclude>
    <ClInclude Include="ParticleGenerator.h">
      <Filter>Generadores</Filter>
    </ClInclude>
    <ClInclude Include="ParticleSystem.h" />
    <ClInclude Include="Firework.h" />
    <ClInclude Include="ForceGenerator.h" />
    <ClInclude Include="GravityGenerator.h" />
    <ClInclude Include="ParticleForceRegistry.h" />
    <ClInclude Include="WindGenerator.h" />
  </ItemGroup>
  <ItemGroup>
    <Filter Include="Render">
      <UniqueIdentifier>{d04b4f9f-5a69-465e-8070-25c6d0bcd3c2}</UniqueIdentifier>
    </Filter>
    <Filter Include="RenderItems">
      <UniqueIdentifier>{5baacf5e-69a7-4b36-89ea-998575db9a3d}</UniqueIdentifier>
    </Filter>
    <Filter Include="Generadores">
      <UniqueIdentifier>{7531574f-aba1-4e3a-8716-99e9da9ca4f7}</UniqueIdentifier>
    </Filter>
  </ItemGroup>
</Project>